// !$*UTF8*$!
{
	archiveVersion = 1;
	classes = {
	};
	objectVersion = 50;
	objects = {

/* Begin PBXBuildFile section */
		893EA5DF243BB5620008CA2B /* AppDelegate.swift in Sources */ = {isa = PBXBuildFile; fileRef = 893EA5DE243BB5620008CA2B /* AppDelegate.swift */; };
		893EA5E1243BB5620008CA2B /* SceneDelegate.swift in Sources */ = {isa = PBXBuildFile; fileRef = 893EA5E0243BB5620008CA2B /* SceneDelegate.swift */; };
		893EA5E3243BB5620008CA2B /* ContentView.swift in Sources */ = {isa = PBXBuildFile; fileRef = 893EA5E2243BB5620008CA2B /* ContentView.swift */; };
		893EA5E5243BB5630008CA2B /* Assets.xcassets in Resources */ = {isa = PBXBuildFile; fileRef = 893EA5E4243BB5630008CA2B /* Assets.xcassets */; };
		893EA5E8243BB5630008CA2B /* Preview Assets.xcassets in Resources */ = {isa = PBXBuildFile; fileRef = 893EA5E7243BB5630008CA2B /* Preview Assets.xcassets */; };
		893EA5EB243BB5630008CA2B /* LaunchScreen.storyboard in Resources */ = {isa = PBXBuildFile; fileRef = 893EA5E9243BB5630008CA2B /* LaunchScreen.storyboard */; };
		893EA5F6243BB5630008CA2B /* ListsTests.swift in Sources */ = {isa = PBXBuildFile; fileRef = 893EA5F5243BB5630008CA2B /* ListsTests.swift */; };
/* End PBXBuildFile section */

/* Begin PBXContainerItemProxy section */
		893EA5F2243BB5630008CA2B /* PBXContainerItemProxy */ = {
			isa = PBXContainerItemProxy;
			containerPortal = 893EA5D3243BB5620008CA2B /* Project object */;
			proxyType = 1;
			remoteGlobalIDString = 893EA5DA243BB5620008CA2B;
			remoteInfo = Lists;
		};
/* End PBXContainerItemProxy section */

/* Begin PBXFileReference section */
		893EA5DB243BB5620008CA2B /* Lists.app */ = {isa = PBXFileReference; explicitFileType = wrapper.application; includeInIndex = 0; path = Lists.app; sourceTree = BUILT_PRODUCTS_DIR; };
		893EA5DE243BB5620008CA2B /* AppDelegate.swift */ = {isa = PBXFileReference; lastKnownFileType = sourcecode.swift; path = AppDelegate.swift; sourceTree = "<group>"; };
		893EA5E0243BB5620008CA2B /* SceneDelegate.swift */ = {isa = PBXFileReference; lastKnownFileType = sourcecode.swift; path = SceneDelegate.swift; sourceTree = "<group>"; };
		893EA5E2243BB5620008CA2B /* ContentView.swift */ = {isa = PBXFileReference; lastKnownFileType = sourcecode.swift; path = ContentView.swift; sourceTree = "<group>"; };
		893EA5E4243BB5630008CA2B /* Assets.xcassets */ = {isa = PBXFileReference; lastKnownFileType = folder.assetcatalog; path = Assets.xcassets; sourceTree = "<group>"; };
		893EA5E7243BB5630008CA2B /* Preview Assets.xcassets */ = {isa = PBXFileReference; lastKnownFileType = folder.assetcatalog; path = "Preview Assets.xcassets"; sourceTree = "<group>"; };
		893EA5EA243BB5630008CA2B /* Base */ = {isa = PBXFileReference; lastKnownFileType = file.storyboard; name = Base; path = Base.lproj/LaunchScreen.storyboard; sourceTree = "<group>"; };
		893EA5EC243BB5630008CA2B /* Info.plist */ = {isa = PBXFileReference; lastKnownFileType = text.plist.xml; path = Info.plist; sourceTree = "<group>"; };
		893EA5F1243BB5630008CA2B /* ListsTests.xctest */ = {isa = PBXFileReference; explicitFileType = wrapper.cfbundle; includeInIndex = 0; path = ListsTests.xctest; sourceTree = BUILT_PRODUCTS_DIR; };
		893EA5F5243BB5630008CA2B /* ListsTests.swift */ = {isa = PBXFileReference; lastKnownFileType = sourcecode.swift; path = ListsTests.swift; sourceTree = "<group>"; };
		893EA5F7243BB5630008CA2B /* Info.plist */ = {isa = PBXFileReference; lastKnownFileType = text.plist.xml; path = Info.plist; sourceTree = "<group>"; };
/* End PBXFileReference section */

/* Begin PBXFrameworksBuildPhase section */
		893EA5D8243BB5620008CA2B /* Frameworks */ = {
			isa = PBXFrameworksBuildPhase;
			buildActionMask = 2147483647;
			files = (
			);
			runOnlyForDeploymentPostprocessing = 0;
		};
		893EA5EE243BB5630008CA2B /* Frameworks */ = {
			isa = PBXFrameworksBuildPhase;
			buildActionMask = 2147483647;
			files = (
			);
			runOnlyForDeploymentPostprocessing = 0;
		};
/* End PBXFrameworksBuildPhase section */

/* Begin PBXGroup section */
		893EA5D2243BB5620008CA2B = {
			isa = PBXGroup;
			children = (
				893EA5DD243BB5620008CA2B /* Lists */,
				893EA5F4243BB5630008CA2B /* ListsTests */,
				893EA5DC243BB5620008CA2B /* Products */,
			);
			sourceTree = "<group>";
		};
		893EA5DC243BB5620008CA2B /* Products */ = {
			isa = PBXGroup;
			children = (
				893EA5DB243BB5620008CA2B /* Lists.app */,
				893EA5F1243BB5630008CA2B /* ListsTests.xctest */,
			);
			name = Products;
			sourceTree = "<group>";
		};
		893EA5DD243BB5620008CA2B /* Lists */ = {
			isa = PBXGroup;
			children = (
				893EA5DE243BB5620008CA2B /* AppDelegate.swift */,
				893EA5E0243BB5620008CA2B /* SceneDelegate.swift */,
				893EA5E2243BB5620008CA2B /* ContentView.swift */,
				893EA5E4243BB5630008CA2B /* Assets.xcassets */,
				893EA5E9243BB5630008CA2B /* LaunchScreen.storyboard */,
				893EA5EC243BB5630008CA2B /* Info.plist */,
				893EA5E6243BB5630008CA2B /* Preview Content */,
			);
			path = Lists;
			sourceTree = "<group>";
		};
		893EA5E6243BB5630008CA2B /* Preview Content */ = {
			isa = PBXGroup;
			children = (
				893EA5E7243BB5630008CA2B /* Preview Assets.xcassets */,
			);
			path = "Preview Content";
			sourceTree = "<group>";
		};
		893EA5F4243BB5630008CA2B /* ListsTests */ = {
			isa = PBXGroup;
			children = (
				893EA5F5243BB5630008CA2B /* ListsTests.swift */,
				893EA5F7243BB5630008CA2B /* Info.plist */,
			);
			path = ListsTests;
			sourceTree = "<group>";
		};
/* End PBXGroup section */

/* Begin PBXNativeTarget section */
		893EA5DA243BB5620008CA2B /* Lists */ = {
			isa = PBXNativeTarget;
			buildConfigurationList = 893EA5FA243BB5630008CA2B /* Build configuration list for PBXNativeTarget "Lists" */;
			buildPhases = (
				893EA5D7243BB5620008CA2B /* Sources */,
				893EA5D8243BB5620008CA2B /* Frameworks */,
				893EA5D9243BB5620008CA2B /* Resources */,
			);
			buildRules = (
			);
			dependencies = (
			);
			name = Lists;
			productName = Lists;
			productReference = 893EA5DB243BB5620008CA2B /* Lists.app */;
			productType = "com.apple.product-type.application";
		};
		893EA5F0243BB5630008CA2B /* ListsTests */ = {
			isa = PBXNativeTarget;
			buildConfigurationList = 893EA5FD243BB5630008CA2B /* Build configuration list for PBXNativeTarget "ListsTests" */;
			buildPhases = (
				893EA5ED243BB5630008CA2B /* Sources */,
				893EA5EE243BB5630008CA2B /* Frameworks */,
				893EA5EF243BB5630008CA2B /* Resources */,
			);
			buildRules = (
			);
			dependencies = (
				893EA5F3243BB5630008CA2B /* PBXTargetDependency */,
			);
			name = ListsTests;
			productName = ListsTests;
			productReference = 893EA5F1243BB5630008CA2B /* ListsTests.xctest */;
			productType = "com.apple.product-type.bundle.unit-test";
		};
/* End PBXNativeTarget section */

/* Begin PBXProject section */
		893EA5D3243BB5620008CA2B /* Project object */ = {
			isa = PBXProject;
			attributes = {
				LastSwiftUpdateCheck = 1130;
				LastUpgradeCheck = 1130;
				TargetAttributes = {
					893EA5DA243BB5620008CA2B = {
						CreatedOnToolsVersion = 11.3.1;
					};
					893EA5F0243BB5630008CA2B = {
						CreatedOnToolsVersion = 11.3.1;
						TestTargetID = 893EA5DA243BB5620008CA2B;
					};
				};
			};
			buildConfigurationList = 893EA5D6243BB5620008CA2B /* Build configuration list for PBXProject "Lists" */;
			compatibilityVersion = "Xcode 9.3";
			developmentRegion = en;
			hasScannedForEncodings = 0;
			knownRegions = (
				en,
				Base,
			);
			mainGroup = 893EA5D2243BB5620008CA2B;
			productRefGroup = 893EA5DC243BB5620008CA2B /* Products */;
			projectDirPath = "";
			projectRoot = "";
			targets = (
				893EA5DA243BB5620008CA2B /* Lists */,
				893EA5F0243BB5630008CA2B /* ListsTests */,
			);
		};
/* End PBXProject section */

/* Begin PBXResourcesBuildPhase section */
		893EA5D9243BB5620008CA2B /* Resources */ = {
			isa = PBXResourcesBuildPhase;
			buildActionMask = 2147483647;
			files = (
				893EA5EB243BB5630008CA2B /* LaunchScreen.storyboard in Resources */,
				893EA5E8243BB5630008CA2B /* Preview Assets.xcassets in Resources */,
				893EA5E5243BB5630008CA2B /* Assets.xcassets in Resources */,
			);
			runOnlyForDeploymentPostprocessing = 0;
		};
		893EA5EF243BB5630008CA2B /* Resources */ = {
			isa = PBXResourcesBuildPhase;
			buildActionMask = 2147483647;
			files = (
			);
			runOnlyForDeploymentPostprocessing = 0;
		};
/* End PBXResourcesBuildPhase section */

/* Begin PBXSourcesBuildPhase section */
		893EA5D7243BB5620008CA2B /* Sources */ = {
			isa = PBXSourcesBuildPhase;
			buildActionMask = 2147483647;
			files = (
				893EA5DF243BB5620008CA2B /* AppDelegate.swift in Sources */,
				893EA5E1243BB5620008CA2B /* SceneDelegate.swift in Sources */,
				893EA5E3243BB5620008CA2B /* ContentView.swift in Sources */,
			);
			runOnlyForDeploymentPostprocessing = 0;
		};
		893EA5ED243BB5630008CA2B /* Sources */ = {
			isa = PBXSourcesBuildPhase;
			buildActionMask = 2147483647;
			files = (
				893EA5F6243BB5630008CA2B /* ListsTests.swift in Sources */,
			);
			runOnlyForDeploymentPostprocessing = 0;
		};
/* End PBXSourcesBuildPhase section */

/* Begin PBXTargetDependency section */
		893EA5F3243BB5630008CA2B /* PBXTargetDependency */ = {
			isa = PBXTargetDependency;
			target = 893EA5DA243BB5620008CA2B /* Lists */;
			targetProxy = 893EA5F2243BB5630008CA2B /* PBXContainerItemProxy */;
		};
/* End PBXTargetDependency section */

/* Begin PBXVariantGroup section */
		893EA5E9243BB5630008CA2B /* LaunchScreen.storyboard */ = {
			isa = PBXVariantGroup;
			children = (
				893EA5EA243BB5630008CA2B /* Base */,
			);
			name = LaunchScreen.storyboard;
			sourceTree = "<group>";
		};
/* End PBXVariantGroup section */

/* Begin XCBuildConfiguration section */
		893EA5F8243BB5630008CA2B /* Debug */ = {
			isa = XCBuildConfiguration;
			buildSettings = {
				ALWAYS_SEARCH_USER_PATHS = NO;
				CLANG_ANALYZER_NONNULL = YES;
				CLANG_ANALYZER_NUMBER_OBJECT_CONVERSION = YES_AGGRESSIVE;
				CLANG_CXX_LANGUAGE_STANDARD = "gnu++14";
				CLANG_CXX_LIBRARY = "libc++";
				CLANG_ENABLE_MODULES = YES;
				CLANG_ENABLE_OBJC_ARC = YES;
				CLANG_ENABLE_OBJC_WEAK = YES;
				CLANG_WARN_BLOCK_CAPTURE_AUTORELEASING = YES;
				CLANG_WARN_BOOL_CONVERSION = YES;
				CLANG_WARN_COMMA = YES;
				CLANG_WARN_CONSTANT_CONVERSION = YES;
				CLANG_WARN_DEPRECATED_OBJC_IMPLEMENTATIONS = YES;
				CLANG_WARN_DIRECT_OBJC_ISA_USAGE = YES_ERROR;
				CLANG_WARN_DOCUMENTATION_COMMENTS = YES;
				CLANG_WARN_EMPTY_BODY = YES;
				CLANG_WARN_ENUM_CONVERSION = YES;
				CLANG_WARN_INFINITE_RECURSION = YES;
				CLANG_WARN_INT_CONVERSION = YES;
				CLANG_WARN_NON_LITERAL_NULL_CONVERSION = YES;
				CLANG_WARN_OBJC_IMPLICIT_RETAIN_SELF = YES;
				CLANG_WARN_OBJC_LITERAL_CONVERSION = YES;
				CLANG_WARN_OBJC_ROOT_CLASS = YES_ERROR;
				CLANG_WARN_RANGE_LOOP_ANALYSIS = YES;
				CLANG_WARN_STRICT_PROTOTYPES = YES;
				CLANG_WARN_SUSPICIOUS_MOVE = YES;
				CLANG_WARN_UNGUARDED_AVAILABILITY = YES_AGGRESSIVE;
				CLANG_WARN_UNREACHABLE_CODE = YES;
				CLANG_WARN__DUPLICATE_METHOD_MATCH = YES;
				COPY_PHASE_STRIP = NO;
				DEBUG_INFORMATION_FORMAT = dwarf;
				ENABLE_STRICT_OBJC_MSGSEND = YES;
				ENABLE_TESTABILITY = YES;
				GCC_C_LANGUAGE_STANDARD = gnu11;
				GCC_DYNAMIC_NO_PIC = NO;
				GCC_NO_COMMON_BLOCKS = YES;
				GCC_OPTIMIZATION_LEVEL = 0;
				GCC_PREPROCESSOR_DEFINITIONS = (
					"DEBUG=1",
					"$(inherited)",
				);
				GCC_WARN_64_TO_32_BIT_CONVERSION = YES;
				GCC_WARN_ABOUT_RETURN_TYPE = YES_ERROR;
				GCC_WARN_UNDECLARED_SELECTOR = YES;
				GCC_WARN_UNINITIALIZED_AUTOS = YES_AGGRESSIVE;
				GCC_WARN_UNUSED_FUNCTION = YES;
				GCC_WARN_UNUSED_VARIABLE = YES;
				IPHONEOS_DEPLOYMENT_TARGET = 13.2;
				MTL_ENABLE_DEBUG_INFO = INCLUDE_SOURCE;
				MTL_FAST_MATH = YES;
				ONLY_ACTIVE_ARCH = YES;
				SDKROOT = iphoneos;
				SWIFT_ACTIVE_COMPILATION_CONDITIONS = DEBUG;
				SWIFT_OPTIMIZATION_LEVEL = "-Onone";
			};
			name = Debug;
		};
		893EA5F9243BB5630008CA2B /* Release */ = {
			isa = XCBuildConfiguration;
			buildSettings = {
				ALWAYS_SEARCH_USER_PATHS = NO;
				CLANG_ANALYZER_NONNULL = YES;
				CLANG_ANALYZER_NUMBER_OBJECT_CONVERSION = YES_AGGRESSIVE;
				CLANG_CXX_LANGUAGE_STANDARD = "gnu++14";
				CLANG_CXX_LIBRARY = "libc++";
				CLANG_ENABLE_MODULES = YES;
				CLANG_ENABLE_OBJC_ARC = YES;
				CLANG_ENABLE_OBJC_WEAK = YES;
				CLANG_WARN_BLOCK_CAPTURE_AUTORELEASING = YES;
				CLANG_WARN_BOOL_CONVERSION = YES;
				CLANG_WARN_COMMA = YES;
				CLANG_WARN_CONSTANT_CONVERSION = YES;
				CLANG_WARN_DEPRECATED_OBJC_IMPLEMENTATIONS = YES;
				CLANG_WARN_DIRECT_OBJC_ISA_USAGE = YES_ERROR;
				CLANG_WARN_DOCUMENTATION_COMMENTS = YES;
				CLANG_WARN_EMPTY_BODY = YES;
				CLANG_WARN_ENUM_CONVERSION = YES;
				CLANG_WARN_INFINITE_RECURSION = YES;
				CLANG_WARN_INT_CONVERSION = YES;
				CLANG_WARN_NON_LITERAL_NULL_CONVERSION = YES;
				CLANG_WARN_OBJC_IMPLICIT_RETAIN_SELF = YES;
				CLANG_WARN_OBJC_LITERAL_CONVERSION = YES;
				CLANG_WARN_OBJC_ROOT_CLASS = YES_ERROR;
				CLANG_WARN_RANGE_LOOP_ANALYSIS = YES;
				CLANG_WARN_STRICT_PROTOTYPES = YES;
				CLANG_WARN_SUSPICIOUS_MOVE = YES;
				CLANG_WARN_UNGUARDED_AVAILABILITY = YES_AGGRESSIVE;
				CLANG_WARN_UNREACHABLE_CODE = YES;
				CLANG_WARN__DUPLICATE_METHOD_MATCH = YES;
				COPY_PHASE_STRIP = NO;
				DEBUG_INFORMATION_FORMAT = "dwarf-with-dsym";
				ENABLE_NS_ASSERTIONS = NO;
				ENABLE_STRICT_OBJC_MSGSEND = YES;
				GCC_C_LANGUAGE_STANDARD = gnu11;
				GCC_NO_COMMON_BLOCKS = YES;
				GCC_WARN_64_TO_32_BIT_CONVERSION = YES;
				GCC_WARN_ABOUT_RETURN_TYPE = YES_ERROR;
				GCC_WARN_UNDECLARED_SELECTOR = YES;
				GCC_WARN_UNINITIALIZED_AUTOS = YES_AGGRESSIVE;
				GCC_WARN_UNUSED_FUNCTION = YES;
				GCC_WARN_UNUSED_VARIABLE = YES;
				IPHONEOS_DEPLOYMENT_TARGET = 13.2;
				MTL_ENABLE_DEBUG_INFO = NO;
				MTL_FAST_MATH = YES;
				SDKROOT = iphoneos;
				SWIFT_COMPILATION_MODE = wholemodule;
				SWIFT_OPTIMIZATION_LEVEL = "-O";
				VALIDATE_PRODUCT = YES;
			};
			name = Release;
		};
		893EA5FB243BB5630008CA2B /* Debug */ = {
			isa = XCBuildConfiguration;
			buildSettings = {
				ASSETCATALOG_COMPILER_APPICON_NAME = AppIcon;
				CODE_SIGN_STYLE = Automatic;
				DEVELOPMENT_ASSET_PATHS = "\"Lists/Preview Content\"";
				ENABLE_PREVIEWS = YES;
				INFOPLIST_FILE = Lists/Info.plist;
				LD_RUNPATH_SEARCH_PATHS = (
					"$(inherited)",
					"@executable_path/Frameworks",
				);
				PRODUCT_BUNDLE_IDENTIFIER = com.example.Lists;
				PRODUCT_NAME = "$(TARGET_NAME)";
				SWIFT_VERSION = 5.0;
				TARGETED_DEVICE_FAMILY = "1,2";
			};
			name = Debug;
		};
		893EA5FC243BB5630008CA2B /* Release */ = {
			isa = XCBuildConfiguration;
			buildSettings = {
				ASSETCATALOG_COMPILER_APPICON_NAME = AppIcon;
				CODE_SIGN_STYLE = Automatic;
				DEVELOPMENT_ASSET_PATHS = "\"Lists/Preview Content\"";
				ENABLE_PREVIEWS = YES;
				INFOPLIST_FILE = Lists/Info.plist;
				LD_RUNPATH_SEARCH_PATHS = (
					"$(inherited)",
					"@executable_path/Frameworks",
				);
				PRODUCT_BUNDLE_IDENTIFIER = com.example.Lists;
				PRODUCT_NAME = "$(TARGET_NAME)";
				SWIFT_VERSION = 5.0;
				TARGETED_DEVICE_FAMILY = "1,2";
			};
			name = Release;
		};
		893EA5FE243BB5630008CA2B /* Debug */ = {
			isa = XCBuildConfiguration;
			buildSettings = {
				ALWAYS_EMBED_SWIFT_STANDARD_LIBRARIES = YES;
				BUNDLE_LOADER = "$(TEST_HOST)";
				CODE_SIGN_STYLE = Automatic;
				INFOPLIST_FILE = ListsTests/Info.plist;
				IPHONEOS_DEPLOYMENT_TARGET = 13.2;
				LD_RUNPATH_SEARCH_PATHS = (
					"$(inherited)",
					"@executable_path/Frameworks",
					"@loader_path/Frameworks",
				);
				PRODUCT_BUNDLE_IDENTIFIER = com.example.ListsTests;
				PRODUCT_NAME = "$(TARGET_NAME)";
				SWIFT_VERSION = 5.0;
				TARGETED_DEVICE_FAMILY = "1,2";
				TEST_HOST = "$(BUILT_PRODUCTS_DIR)/Lists.app/Lists";
			};
			name = Debug;
		};
		893EA5FF243BB5630008CA2B /* Release */ = {
			isa = XCBuildConfiguration;
			buildSettings = {
				ALWAYS_EMBED_SWIFT_STANDARD_LIBRARIES = YES;
				BUNDLE_LOADER = "$(TEST_HOST)";
				CODE_SIGN_STYLE = Automatic;
				INFOPLIST_FILE = ListsTests/Info.plist;
				IPHONEOS_DEPLOYMENT_TARGET = 13.2;
				LD_RUNPATH_SEARCH_PATHS = (
					"$(inherited)",
					"@executable_path/Frameworks",
					"@loader_path/Frameworks",
				);
				PRODUCT_BUNDLE_IDENTIFIER = com.example.ListsTests;
				PRODUCT_NAME = "$(TARGET_NAME)";
				SWIFT_VERSION = 5.0;
				TARGETED_DEVICE_FAMILY = "1,2";
				TEST_HOST = "$(BUILT_PRODUCTS_DIR)/Lists.app/Lists";
			};
			name = Release;
		};
/* End XCBuildConfiguration section */

/* Begin XCConfigurationList section */
		893EA5D6243BB5620008CA2B /* Build configuration list for PBXProject "Lists" */ = {
			isa = XCConfigurationList;
			buildConfigurations = (
				893EA5F8243BB5630008CA2B /* Debug */,
				893EA5F9243BB5630008CA2B /* Release */,
			);
			defaultConfigurationIsVisible = 0;
			defaultConfigurationName = Release;
		};
		893EA5FA243BB5630008CA2B /* Build configuration list for PBXNativeTarget "Lists" */ = {
			isa = XCConfigurationList;
			buildConfigurations = (
				893EA5FB243BB5630008CA2B /* Debug */,
				893EA5FC243BB5630008CA2B /* Release */,
			);
			defaultConfigurationIsVisible = 0;
			defaultConfigurationName = Release;
		};
		893EA5FD243BB5630008CA2B /* Build configuration list for PBXNativeTarget "ListsTests" */ = {
			isa = XCConfigurationList;
			buildConfigurations = (
				893EA5FE243BB5630008CA2B /* Debug */,
				893EA5FF243BB5630008CA2B /* Release */,
			);
			defaultConfigurationIsVisible = 0;
			defaultConfigurationName = Release;
		};
/* End XCConfigurationList section */
	};
	rootObject = 893EA5D3243BB5620008CA2B /* Project object */;
}
